{
  "version": "4",
  "specifiers": {
    "jsr:@std/assert": "jsr:@std/assert@1.0.2",
    "jsr:@std/internal@^1.0.1": "jsr:@std/internal@1.0.1",
    "jsr:@std/net": "jsr:@std/net@0.224.4",
    "npm:hyperswarm": "npm:hyperswarm@4.8.2"
  },
  "jsr": {
    "@std/assert@1.0.2": {
      "integrity": "ccacec332958126deaceb5c63ff8b4eaf9f5ed0eac9feccf124110435e59e49c",
      "dependencies": [
        "jsr:@std/internal"
      ]
    },
    "@std/internal@1.0.1": {
      "integrity": "6f8c7544d06a11dd256c8d6ba54b11ed870aac6c5aeafff499892662c57673e6"
    },
    "@std/net@0.224.4": {
      "integrity": "4be5b6fb9cab0380b68d9929503bcbac35f22eb5d179ec1e2f331646c0066fe8"
    }
  },
  "npm": {
    "@hyperswarm/secret-stream@6.6.3": {
      "integrity": "sha512-F/EF5KLUqjkTNFof1K5dz57CwrwjSzG0XxZe2X9t/2/mG5iQ28yJIwNcVabkWS1Wk2ZB719piVGKk6YbwkJ0aQ==",
      "dependencies": [
        "b4a",
        "hypercore-crypto",
        "noise-curve-ed",
        "noise-handshake",
        "sodium-secretstream",
        "sodium-universal",
        "streamx",
        "timeout-refresh"
      ]
    },
    "b4a@1.6.6": {
      "integrity": "sha512-5Tk1HLk6b6ctmjIkAcU/Ujv/1WqiDl0F0JdRCR80VsOcUlHcu7pWeWRlOqQLHfDEsVx9YH/aif5AG4ehoCtTmg=="
    },
    "bare-events@2.3.1": {
      "integrity": "sha512-sJnSOTVESURZ61XgEleqmP255T6zTYwHPwE4r6SssIh0U9/uDvfpdoJYpVUerJJZH2fueO+CdT8ZT+OC/7aZDA=="
    },
    "bits-to-bytes@1.3.0": {
      "integrity": "sha512-OJoHTpFXS9bXHBCekGTByf3MqM8CGblBDIduKQeeVVeiU9dDWywSSirXIBYGgg3d1zbVuvnMa1vD4r6PA0kOKg==",
      "dependencies": [
        "b4a"
      ]
    },
    "blind-relay@1.3.3": {
      "integrity": "sha512-J49HZaRLA+jgmIA+J01x0NzDtNMQVzuFfz7CnLLijIUMJkxTbaexIGI/tfk6LONcr/+INmgbS8gMLeuaRvfreA==",
      "dependencies": [
        "b4a",
        "bare-events",
        "bits-to-bytes",
        "compact-encoding",
        "compact-encoding-bitfield",
        "hypertrace",
        "protomux",
        "sodium-universal",
        "streamx"
      ]
    },
    "bogon@1.1.0": {
      "integrity": "sha512-a6SnToksXHuUlgeMvI/txWmTcKz7c7iBa8f0HbXL4toN1Uza/CTQ4F7n9jSDX49TCpxv3KUP100q4sZfwLyLiw==",
      "dependencies": [
        "compact-encoding",
        "compact-encoding-net"
      ]
    },
    "compact-encoding-bitfield@1.0.0": {
      "integrity": "sha512-3nMVKUg+PF72UHfainmCL8uKvyWfxsjqOtUY+HiMPGLPCTjnwzoKfFAMo1Ad7nwTPdjBqtGK5b3BOFTFW4EBTg==",
      "dependencies": [
        "compact-encoding"
      ]
    },
    "compact-encoding-net@1.2.0": {
      "integrity": "sha512-LVXpNpF7PGQeHRVVLGgYWzuVoYAaDZvKUsUxRioGfkotzvOh4AzoQF1HBH3zMNaSnx7gJXuUr3hkjnijaH/Eng==",
      "dependencies": [
        "compact-encoding"
      ]
    },
    "compact-encoding@2.15.0": {
      "integrity": "sha512-af/NomxL9Mo0lqCk++rxLLDZI+lJqeBrPt4dK6FbjxTCEhfC9yQAIoO6yq9ixyCirce0luQwErkwJrhem6clxA==",
      "dependencies": [
        "b4a"
      ]
    },
    "debugging-stream@2.0.0": {
      "integrity": "sha512-xwfl6wB/3xc553uwtGnSa94jFxnGOc02C0WU2Nmzwr80gzeqn1FX4VcbvoKIhe8L/lPq4BTQttAbrTN94uN8rA==",
      "dependencies": [
        "streamx"
      ]
    },
    "dht-rpc@6.12.1": {
      "integrity": "sha512-doX05CNlbMohyqs2t9smpCSfF2lGSRdNDL2thJHFV+hW6igiNf8PN8ykAKhO2Cb75YH1Bm1CSigPhIn+IaEiIQ==",
      "dependencies": [
        "b4a",
        "bare-events",
        "compact-encoding",
        "compact-encoding-net",
        "fast-fifo",
        "kademlia-routing-table",
        "nat-sampler",
        "sodium-universal",
        "streamx",
        "time-ordered-set",
        "udx-native"
      ]
    },
    "fast-fifo@1.3.2": {
      "integrity": "sha512-/d9sfos4yxzpwkDkuN7k2SqFKtYNmCTzgfEpz82x34IM9/zc8KGxQoXg1liNC/izpRM/MBdt44Nmx41ZWqk+FQ=="
    },
    "hypercore-crypto@3.4.2": {
      "integrity": "sha512-16ii4M6T1dFfRa41Szv3IR0wXfImJMYJ8ysZEGwHEDH7sMeWVEBck6tg1GCNutYl39E+H7wMY2p3ndCRfj+XdQ==",
      "dependencies": [
        "b4a",
        "compact-encoding",
        "sodium-universal"
      ]
    },
    "hypercore-id-encoding@1.3.0": {
      "integrity": "sha512-W6sHdGo5h7LXEsoWfKf/KfuROZmZRQDlGqJF2EPHW+noCK66Vvr0+zE6cL0vqQi18s0kQPeN7Sq3QyR0Ytc2VQ==",
      "dependencies": [
        "b4a",
        "z32"
      ]
    },
    "hyperdht@6.16.2": {
      "integrity": "sha512-PHcn5kbggP9kYkbr7giAvtpmtYXCnRTdnxvET3K6IQsHjQSzVnAvvcAr29UjH4mvP6ofoeM/sLhxc0svmJfHdw==",
      "dependencies": [
        "@hyperswarm/secret-stream",
        "b4a",
        "bare-events",
        "blind-relay",
        "bogon",
        "compact-encoding",
        "compact-encoding-net",
        "debugging-stream",
        "dht-rpc",
        "hypercore-crypto",
        "hypercore-id-encoding",
        "hypertrace",
        "noise-curve-ed",
        "noise-handshake",
        "record-cache",
        "safety-catch",
        "signal-promise",
        "sodium-universal",
        "streamx",
        "unslab",
        "xache"
      ]
    },
    "hyperswarm@4.8.2": {
      "integrity": "sha512-AkimKT5+mcw68OExQNRHZ69w3b4IEkM+2dP5CWbUGFNDqEbRN6FwQrMF8tVtQlgvl5VXGsm9Je1IgeCz8kcECw==",
      "dependencies": [
        "b4a",
        "bare-events",
        "hyperdht",
        "safety-catch",
        "shuffled-priority-queue",
        "unslab"
      ]
    },
    "hypertrace@1.4.2": {
      "integrity": "sha512-sa6iq1FaJ03Db3eUl5ZodyOL3fheyrum9xzeHasXOQ/AprTT6vS1WjpbXfYkHhmzVmyn0jBW/VsCb1QaBkGyow=="
    },
    "kademlia-routing-table@1.0.3": {
      "integrity": "sha512-ag1nLPaCSxbLnG6zeTBoGkdm+JSUi2JHMiNynHBoRG8se2w9yfyzepF3oX1B52HOEldtbuxTde5NxbNUtnwGqA==",
      "dependencies": [
        "bare-events"
      ]
    },
    "nanoassert@2.0.0": {
      "integrity": "sha512-7vO7n28+aYO4J+8w96AzhmU8G+Y/xpPDJz/se19ICsqj/momRbb9mh9ZUtkoJ5X3nTnPdhEJyc0qnM6yAsHBaA=="
    },
    "napi-macros@2.2.2": {
      "integrity": "sha512-hmEVtAGYzVQpCKdbQea4skABsdXW4RUh5t5mJ2zzqowJS2OyXZTU1KhDVFhx+NlWZ4ap9mqR9TcDO3LTTttd+g=="
    },
    "nat-sampler@1.0.1": {
      "integrity": "sha512-yQvyNN7xbqR8crTKk3U8gRgpcV1Az+vfCEijiHu9oHHsnIl8n3x+yXNHl42M6L3czGynAVoOT9TqBfS87gDdcw=="
    },
    "node-gyp-build@4.8.1": {
      "integrity": "sha512-OSs33Z9yWr148JZcbZd5WiAXhh/n9z8TxQcdMhIOlpN9AhWpLfvVFO73+m77bBABQMaY9XSvIa+qk0jlI7Gcaw=="
    },
    "noise-curve-ed@2.0.1": {
      "integrity": "sha512-8HMZ40Wmarg8RQjVemLrjB49JSL6eGeOD+tlzaQW5/p+hNPfHFEMC3UZZ57zUqUprMuz6GN+gsPExpz2DWL+iA==",
      "dependencies": [
        "b4a",
        "nanoassert",
        "sodium-universal"
      ]
    },
    "noise-handshake@3.1.0": {
      "integrity": "sha512-0S1qkUvMbTvZCfgr/vSkVT84YyvI4Q0OLwSc5BFxVmjaePrxAwVeXeJDY3A7N/7+qj95gZ15LaNoP9ZnBXH5Lw==",
      "dependencies": [
        "b4a",
        "nanoassert",
        "sodium-universal"
      ]
    },
    "protomux@3.9.2": {
      "integrity": "sha512-s439dAQSrCg3rohE+Vn7UJN20bBUKNu/4m/+pSNKnavo14HHPsW7BP6YtfXD63qPDRwfM8la3r4DA1EQGM8iYQ==",
      "dependencies": [
        "b4a",
        "compact-encoding",
        "hypertrace",
        "queue-tick",
        "safety-catch",
        "unslab"
      ]
    },
    "queue-tick@1.0.1": {
      "integrity": "sha512-kJt5qhMxoszgU/62PLP1CJytzd2NKetjSRnyuj31fDd3Rlcz3fzlFdFLD1SItunPwyqEOkca6GbV612BWfaBag=="
    },
    "record-cache@1.2.0": {
      "integrity": "sha512-kyy3HWCez2WrotaL3O4fTn0rsIdfRKOdQQcEJ9KpvmKmbffKVvwsloX063EgRUlpJIXHiDQFhJcTbZequ2uTZw==",
      "dependencies": [
        "b4a"
      ]
    },
    "safety-catch@1.0.2": {
      "integrity": "sha512-C1UYVZ4dtbBxEtvOcpjBaaD27nP8MlvyAQEp2fOTOEe6pfUpk1cDUxij6BR1jZup6rSyUTaBBplK7LanskrULA=="
    },
    "shuffled-priority-queue@2.1.0": {
      "integrity": "sha512-xhdh7fHyMsr0m/w2kDfRJuBFRS96b9l8ZPNWGaQ+PMvnUnZ/Eh+gJJ9NsHBd7P9k0399WYlCLzsy18EaMfyadA==",
      "dependencies": [
        "unordered-set"
      ]
    },
    "signal-promise@1.0.3": {
      "integrity": "sha512-WBgv0UnIq2C+Aeh0/n+IRpP6967eIx9WpynTUoiW3isPpfe1zu2LJzyfXdo9Tgef8yR/sGjcMvoUXD7EYdiz+g=="
    },
    "sodium-native@4.1.1": {
      "integrity": "sha512-LXkAfRd4FHtkQS4X6g+nRcVaN7mWVNepV06phIsC6+IZFvGh1voW5TNQiQp2twVaMf05gZqQjuS+uWLM6gHhNQ==",
      "dependencies": [
        "node-gyp-build"
      ]
    },
    "sodium-secretstream@1.1.0": {
      "integrity": "sha512-Qg7D2xomELDjDCWAmE4izk1aecG/il8pQIGmSWFaKgah/V58BVWG/PuSZF6vseTpcqnetIFGaOWzmPNzyTD50A==",
      "dependencies": [
        "b4a",
        "sodium-universal"
      ]
    },
    "sodium-universal@4.0.1": {
      "integrity": "sha512-sNp13PrxYLaUFHTGoDKkSDFvoEu51bfzE12RwGlqU1fcrkpAOK0NvizaJzOWV0Omtk9me2+Pnbjcf/l0efxuGQ==",
      "dependencies": [
        "sodium-native"
      ]
    },
    "streamx@2.16.1": {
      "integrity": "sha512-m9QYj6WygWyWa3H1YY69amr4nVgy61xfjys7xO7kviL5rfIEc2naf+ewFiOA+aEJD7y0JO3h2GoiUv4TDwEGzQ==",
      "dependencies": [
        "bare-events",
        "fast-fifo",
        "queue-tick"
      ]
    },
    "time-ordered-set@1.0.2": {
      "integrity": "sha512-vGO99JkxvgX+u+LtOKQEpYf31Kj3i/GNwVstfnh4dyINakMgeZCpew1e3Aj+06hEslhtHEd52g7m5IV+o1K8Mw=="
    },
    "timeout-refresh@2.0.1": {
      "integrity": "sha512-SVqEcMZBsZF9mA78rjzCrYrUs37LMJk3ShZ851ygZYW1cMeIjs9mL57KO6Iv5mmjSQnOe/29/VAfGXo+oRCiVw=="
    },
    "udx-native@1.11.1": {
      "integrity": "sha512-iqG5rNsWCTQ1gUzcktr7G17aIgNP13qg37STMnYufNr4KnflrT5D6ZjqWVwxl4Ki8KQZHbG1dypkzlGo3ZCgtg==",
      "dependencies": [
        "b4a",
        "bare-events",
        "napi-macros",
        "node-gyp-build",
        "streamx"
      ]
    },
    "unordered-set@2.0.1": {
      "integrity": "sha512-eUmNTPzdx+q/WvOHW0bgGYLWvWHNT3PTKEQLg0MAQhc0AHASHVHoP/9YytYd4RBVariqno/mEUhVZN98CmD7bg=="
    },
    "unslab@1.3.0": {
      "integrity": "sha512-YATkfKAFj47kTzmiQrWXMyRvaVrHsW6MEALa4bm+FhiA2YG4oira+Z3DXN6LrYOYn2Y8eO94Lwl9DOHjs1FpoQ==",
      "dependencies": [
        "b4a"
      ]
    },
    "xache@1.2.1": {
      "integrity": "sha512-igRS6jPreJ54ABdzhh4mCDXcz+XMaWO2q1ABRV2yWYuk29jlp8VT7UBdCqNkX7rpYBbXsebVVKkwIuYZjyZNqA=="
    },
    "z32@1.1.0": {
      "integrity": "sha512-1WUHy+VS6d0HPNspDxvLssBbeQjXMjSnpv0vH82vRAUfg847NmX3OXozp/hRP5jPhxBbrVzrgvAt+UsGNzRFQQ==",
      "dependencies": [
        "b4a"
      ]
    }
  },
  "remote": {
    "https://deno.land/x/get_ip@v2.0.0/mod.ts": "8a967dece886ddf7f7bf6c8d6000c98a4ff374834a90a4e0fde868ce4301873d",
    "https://esm.sh/arktype@2.0.0-dev.25": "251bdb750d5690f80c29d3e90cec49bd2e1ec4b3e74396eca292e3bf179dda3c",
    "https://esm.sh/v135/@arktype/schema@0.1.17/denonext/config.js": "553ab3052c1b7f7a1bd57a398eedd5dc615ef613cfd3b71f854f37752008e073",
    "https://esm.sh/v135/@arktype/schema@0.1.17/denonext/internal/ast.js": "b9ee89f4f196bea888edb3792ad5248b7c829b822481cd19e4078cada248f8bf",
    "https://esm.sh/v135/@arktype/schema@0.1.17/denonext/internal/constraint.js": "8763f86336475f645550c1eb192a1aef44616ccd63aa99b859e3fa70059760e8",
    "https://esm.sh/v135/@arktype/schema@0.1.17/denonext/internal/generic.js": "20b67d30bf8007a25be7813a6db230b5264c4ce3ffa8ec6a88a5ffa03c70d554",
    "https://esm.sh/v135/@arktype/schema@0.1.17/denonext/internal/inference.js": "4916b0864b9f73ef3ad388c281729404359ae79c8aea650fba9300272ed6af30",
    "https://esm.sh/v135/@arktype/schema@0.1.17/denonext/internal/keywords/format.js": "6c9493df306ac39bffac462bf1582ae0871dfe34e53534498ec2438f6c43f2eb",
    "https://esm.sh/v135/@arktype/schema@0.1.17/denonext/internal/keywords/internal.js": "c427faee0b62c90134c455d59fa19d8f92eafd89300ea9dcc6f958091dabda51",
    "https://esm.sh/v135/@arktype/schema@0.1.17/denonext/internal/keywords/jsObjects.js": "607fdbe51779f1b78bc470021d42babc91499fbf4b866594efffb9949f4014f3",
    "https://esm.sh/v135/@arktype/schema@0.1.17/denonext/internal/keywords/keywords.js": "1c28734abf5b2bfad9d3730070936b7b9fc437ab1ae202414c597e1ec18f2d80",
    "https://esm.sh/v135/@arktype/schema@0.1.17/denonext/internal/keywords/parsing.js": "f1d65f7fb67474897f4f1f2ec258b7c8327e7fbdc605913e4ae69f6034fa460d",
    "https://esm.sh/v135/@arktype/schema@0.1.17/denonext/internal/keywords/tsKeywords.js": "22e1e1bfcdd6174dc1675e3630cfc5c2aada3abc7c65bb987b67aa0ba297d5e3",
    "https://esm.sh/v135/@arktype/schema@0.1.17/denonext/internal/keywords/utils/creditCard.js": "e68668264c4f5f968d61814d4015fbd75023b2dd01bffb35f6d1f7854de59182",
    "https://esm.sh/v135/@arktype/schema@0.1.17/denonext/internal/keywords/utils/date.js": "a8677714e09d053f2aa3861b59cac251c578aa23469b8128d9f32cb21a89c25f",
    "https://esm.sh/v135/@arktype/schema@0.1.17/denonext/internal/keywords/utils/ip.js": "14976803071c564885d3f90190d959f6c4d4e62ed2b55d2579f0dd3c373a3f76",
    "https://esm.sh/v135/@arktype/schema@0.1.17/denonext/internal/keywords/utils/regex.js": "c80da2e3b6dca052624216625a14fdcafe4f83a2b99ad2e6cdd5e09c341df01e",
    "https://esm.sh/v135/@arktype/schema@0.1.17/denonext/internal/keywords/validation.js": "8ddc7e728faafb22635bc8bddbc90e59fe12d087cbeebad38dc04e57d32a841b",
    "https://esm.sh/v135/@arktype/schema@0.1.17/denonext/internal/kinds.js": "bfcfa4f6cfe052384762bfc0c901271026d7e08becade35b2598db9970aeff50",
    "https://esm.sh/v135/@arktype/schema@0.1.17/denonext/internal/module.js": "cefcadc6f2e34317837c5919862f575404f996d055c0c503d158fed2f4a14451",
    "https://esm.sh/v135/@arktype/schema@0.1.17/denonext/internal/node.js": "6834cb5f7f3bfd42572ef50e46f98923d5602898048118cb58e5ee0ce7223add",
    "https://esm.sh/v135/@arktype/schema@0.1.17/denonext/internal/parse.js": "42a975c561aa3f6aad7fd162b39bf36bf35b9c8e6459e417766f5834404c466d",
    "https://esm.sh/v135/@arktype/schema@0.1.17/denonext/internal/predicate.js": "1939d7fc6183361161e69c4f729e04041276e883b8e59a47eb74b022fbe96709",
    "https://esm.sh/v135/@arktype/schema@0.1.17/denonext/internal/refinements/after.js": "eeadbfb10fdf29f8e7d141d2a855b3b989a14dea96dcb20a3228987afab765ef",
    "https://esm.sh/v135/@arktype/schema@0.1.17/denonext/internal/refinements/before.js": "cdff0d8d100014bdf080c8d98f0f80b893438d9c632e42cbbd8b024344a2aae3",
    "https://esm.sh/v135/@arktype/schema@0.1.17/denonext/internal/refinements/divisor.js": "f848d85f8215b38a24d215e685a3e0ccf0da17e4c5b637ace28d42a237653485",
    "https://esm.sh/v135/@arktype/schema@0.1.17/denonext/internal/refinements/exactLength.js": "8e719d2218fadc508242d5e369dc50c009df7754dae8aba32fb94b4c13b14248",
    "https://esm.sh/v135/@arktype/schema@0.1.17/denonext/internal/refinements/kinds.js": "354163a4e5c568771393ba5d421ede08b7df95ffd1fd13ec7ac4dbd4091f4a54",
    "https://esm.sh/v135/@arktype/schema@0.1.17/denonext/internal/refinements/max.js": "bfc36688ee6a707fe5fdb90b201b88e274ff5f9ba811a6a6254effb88d54e1aa",
    "https://esm.sh/v135/@arktype/schema@0.1.17/denonext/internal/refinements/maxLength.js": "3c3055db8f736e27e8d767479d2c6469704c4ab9c6f8109e687883d0bf0ea5ea",
    "https://esm.sh/v135/@arktype/schema@0.1.17/denonext/internal/refinements/min.js": "bb224063744883e3853247bed66646ba44f61abdf6b831fc1a4e90e6e740d105",
    "https://esm.sh/v135/@arktype/schema@0.1.17/denonext/internal/refinements/minLength.js": "587185589702ebdb0d80cec1059c92fac24424b27f3270d781c439e2623833a8",
    "https://esm.sh/v135/@arktype/schema@0.1.17/denonext/internal/refinements/pattern.js": "4120ed98c7da37e6310cd558829ffab72835306c66ddde339c914871ba0f3c65",
    "https://esm.sh/v135/@arktype/schema@0.1.17/denonext/internal/refinements/range.js": "43326bcf108bbaff0b7d96d517cc7fb7d6ac470f18b4ee79ad934940664d0e4a",
    "https://esm.sh/v135/@arktype/schema@0.1.17/denonext/internal/roots/alias.js": "b9809e596e8f3056ff8c2ccd8092268d46641fd44076c400d5104c1dd14755aa",
    "https://esm.sh/v135/@arktype/schema@0.1.17/denonext/internal/roots/basis.js": "bb9876289072a4efdc0a0075591c9c3c15ed773a3c438c4bcb432957e517ead4",
    "https://esm.sh/v135/@arktype/schema@0.1.17/denonext/internal/roots/domain.js": "bca7464b20e75b6b7659755d725bc006e358707548da56332fc55bf37585cfa0",
    "https://esm.sh/v135/@arktype/schema@0.1.17/denonext/internal/roots/intersection.js": "7a18691cd10802f10b120c25cd070dabbabddcb8129aec6416746b542f980b5c",
    "https://esm.sh/v135/@arktype/schema@0.1.17/denonext/internal/roots/morph.js": "5bd7172486de1387d4eb79e5c31cb56cabe25b06f3be6ddd34ca891f809dd1d9",
    "https://esm.sh/v135/@arktype/schema@0.1.17/denonext/internal/roots/proto.js": "690784259c3fbb1d5cb8f45a1eb00325fcb22ff5b0486ce6528841b758c072fb",
    "https://esm.sh/v135/@arktype/schema@0.1.17/denonext/internal/roots/root.js": "9d7e95251fb687172376c0182cd65e8be9837e00de685de578ddfd5229a69aa8",
    "https://esm.sh/v135/@arktype/schema@0.1.17/denonext/internal/roots/union.js": "7716078c7c707a3693a5dc29b9c89fa95801d072675d95142a67b2fee91d9012",
    "https://esm.sh/v135/@arktype/schema@0.1.17/denonext/internal/roots/unit.js": "e1b5523d2fb8d660cfc9743c188657cc3d133ede36997eb2451b8bd367f27694",
    "https://esm.sh/v135/@arktype/schema@0.1.17/denonext/internal/roots/utils.js": "0ff0ecd9eb0462e0e61a1d48a4785cc86e8270581e6e41d350d78480e990cb1e",
    "https://esm.sh/v135/@arktype/schema@0.1.17/denonext/internal/scope.js": "078b29659f92422eb7afa4b520ceeaeb0096653e37728717bc84a1dad38b489b",
    "https://esm.sh/v135/@arktype/schema@0.1.17/denonext/internal/shared/compile.js": "ce784fe00613218b84f6a120d1df5e5886418221e611d24885ddc82e65e3284a",
    "https://esm.sh/v135/@arktype/schema@0.1.17/denonext/internal/shared/declare.js": "73dee39088a2c4343d33122fd40854baf6e8d2f8f7846fa729ceb8654d81a238",
    "https://esm.sh/v135/@arktype/schema@0.1.17/denonext/internal/shared/disjoint.js": "644782ddbae5f82c8bd981f0566178238a812d521cdf8bb4ba7b34137159ecb0",
    "https://esm.sh/v135/@arktype/schema@0.1.17/denonext/internal/shared/errors.js": "0ece4c1bff228d3fe66c915846e9253b07dd4d02ae34ca928df29f06a2b07630",
    "https://esm.sh/v135/@arktype/schema@0.1.17/denonext/internal/shared/implement.js": "4eaa8f1f318a65745fd6fc8cb1df41a407fbaa204f8b046e6b967087f6757e0c",
    "https://esm.sh/v135/@arktype/schema@0.1.17/denonext/internal/shared/intersections.js": "8666c354e96081409c60ed856bd925236e667b49e1e8b11a12b7abacd1bf7346",
    "https://esm.sh/v135/@arktype/schema@0.1.17/denonext/internal/shared/traversal.js": "2744594767f95a99d008ceacbb0364ade14219219dd4887149f6c1d3a0bcd4e0",
    "https://esm.sh/v135/@arktype/schema@0.1.17/denonext/internal/shared/utils.js": "8f33489ea8b3d4454acd042c2a94b1ad980ef79756609d2a7f65da1e73b40a2f",
    "https://esm.sh/v135/@arktype/schema@0.1.17/denonext/internal/structure/indexed.js": "9f540870a4af3d1ab522247b5637b08ee56e5b58fc1db3cfa79b6414bbd229dd",
    "https://esm.sh/v135/@arktype/schema@0.1.17/denonext/internal/structure/optional.js": "880c0c3b19d4100eb8ab94c58642e2db0528cba6b541dfd5ca806de7f909adbc",
    "https://esm.sh/v135/@arktype/schema@0.1.17/denonext/internal/structure/prop.js": "1f2ab297cdf8b68d35470c076c2106cc3fb81be1950dc56df4543e493f5f3ee0",
    "https://esm.sh/v135/@arktype/schema@0.1.17/denonext/internal/structure/required.js": "65dcd3c30677f5b9b50982e4dfd901a9b68d169d3945c9540fb75ef4c77bb47d",
    "https://esm.sh/v135/@arktype/schema@0.1.17/denonext/internal/structure/sequence.js": "988dc2dd60375030da9724c32b6c2c1ab12ac5b9b277fbb344ae532675a37375",
    "https://esm.sh/v135/@arktype/schema@0.1.17/denonext/internal/structure/shared.js": "7dd6da55b47a7a9340b526d0c53244a55f20d96eb6ec94b22ae06dfc94329a07",
    "https://esm.sh/v135/@arktype/schema@0.1.17/denonext/internal/structure/structure.js": "0b181ee64eb2ad04c9e99b747f817990635983649c23658c225e5f768a8b2c24",
    "https://esm.sh/v135/@arktype/schema@0.1.17/denonext/schema.mjs": "fe148a661786bb0b9a17972ca8fcd50e9203ebb9e812af04049bbff7ed1c9120",
    "https://esm.sh/v135/@arktype/util@0.0.50/denonext/internal/arrays.js": "cbb912ed0deb12a1b8a8d336f9f26517af9f6a25cb2ffae2752e8fa251461594",
    "https://esm.sh/v135/@arktype/util@0.0.50/denonext/internal/clone.js": "78c2328a29560276a22efd9f741b6f7319b75c6743be100fa53b18c5c93e4c2d",
    "https://esm.sh/v135/@arktype/util@0.0.50/denonext/internal/compilation.js": "a9efc3dd45a1e60d17661a2eeb5a89750d8e1053507a4bfab4a232c3a10a8a37",
    "https://esm.sh/v135/@arktype/util@0.0.50/denonext/internal/describe.js": "37f3cde54599b2f023f6c156fb043435feb60127aee1119f4afadc43b2bc6b1b",
    "https://esm.sh/v135/@arktype/util@0.0.50/denonext/internal/domain.js": "8396031837ef303dfa2791817a931df9432d2a9d632d68fb983d6ad746241a00",
    "https://esm.sh/v135/@arktype/util@0.0.50/denonext/internal/errors.js": "4bf4953fefcf5c245c1ba3cdccc9354e31a0a9c4d6b24fd0270e86230ee04bda",
    "https://esm.sh/v135/@arktype/util@0.0.50/denonext/internal/flatMorph.js": "b5ae4356cf9a54dd5a5480f706712d3e3d649e31548d2b8573094f38d5f22db2",
    "https://esm.sh/v135/@arktype/util@0.0.50/denonext/internal/functions.js": "3dfdc5ebc2738a5fea026cfdac0d468c30652af5a6aa7a80e7291da79c64ea6f",
    "https://esm.sh/v135/@arktype/util@0.0.50/denonext/internal/generics.js": "6b473d84687190c9a7af2ef62b836b11df77d592d5171c6ef01d0a8c78913c83",
    "https://esm.sh/v135/@arktype/util@0.0.50/denonext/internal/hkt.js": "7ef745a6aa9faa4ef3ee43c00234f0784ef7f5d3f6870a85330de545508ec233",
    "https://esm.sh/v135/@arktype/util@0.0.50/denonext/internal/intersections.js": "3f29d2d9fad7438f50df22355cb91c5e7911a707b17b827a4596a77a68d36f78",
    "https://esm.sh/v135/@arktype/util@0.0.50/denonext/internal/lazily.js": "9746a11ad46a6ad280e2b79151e98f258e72fd38a377705e4b1c4da1b90d6a22",
    "https://esm.sh/v135/@arktype/util@0.0.50/denonext/internal/numericLiterals.js": "6f2f17a48dc4800e174b1f53eeb86301a0a8f9b662e9cc0e4f51d39a590d5c1c",
    "https://esm.sh/v135/@arktype/util@0.0.50/denonext/internal/objectKinds.js": "4f58a608694b23939487433521796edff85f6be23c22ed792f020951a6b087a2",
    "https://esm.sh/v135/@arktype/util@0.0.50/denonext/internal/primitive.js": "7da300781ff5d70a5dc3033d670879f5f2f4f1c7a9a417ce148de7d02acdceed",
    "https://esm.sh/v135/@arktype/util@0.0.50/denonext/internal/records.js": "bff5ab478cfa899d157916dddeac566ba98d4063bf45a8728f7a81eca0ad55e0",
    "https://esm.sh/v135/@arktype/util@0.0.50/denonext/internal/registry.js": "040d21a49414743e0132fe4368cb7f6b1f7113181ba815a47c3a85185315d226",
    "https://esm.sh/v135/@arktype/util@0.0.50/denonext/internal/serialize.js": "5e874870fe958183273117da01bf3cd28412871313395daf7a3c827e71b00537",
    "https://esm.sh/v135/@arktype/util@0.0.50/denonext/internal/strings.js": "85ad03bd5d6f5a01e44353dea69ed4314fc1ede3261dba2688992ef41098d03d",
    "https://esm.sh/v135/@arktype/util@0.0.50/denonext/internal/traits.js": "db7ad3fdff4a9456302c82bcd9747f98aa67ac97d0ada1cd37b78df4f2889ea2",
    "https://esm.sh/v135/@arktype/util@0.0.50/denonext/internal/unionToTuple.js": "9dacbfa97bacb4a136eb77b48aa6dd9173908b100a6f224fb8d1c6a350117925",
    "https://esm.sh/v135/@arktype/util@0.0.50/denonext/util.mjs": "deab71523b84b2b7ebcf81fed6a0cf58c15cb96c8d9fc55a41dba6a0d5dbdfc4",
    "https://esm.sh/v135/arktype@2.0.0-dev.25/denonext/arktype.mjs": "4ed2ca231cc5ff8057828060d0b5cb28712b7a7c7c9c82f93bbaf98bc1db3958",
    "https://esm.sh/v135/arktype@2.0.0-dev.25/denonext/internal/ark.js": "494530427db913e9c854910f84e5192ea65981c3be0004f48c010c118eaa5c08",
    "https://esm.sh/v135/arktype@2.0.0-dev.25/denonext/internal/generic.js": "12b9d2da7888bb8a3325d6fc355a4f4dec4d8c9761f9802e7be898ce6de067ad",
    "https://esm.sh/v135/arktype@2.0.0-dev.25/denonext/internal/match.js": "7ff705e2ae63a6195cd6140959a22ce44d8326190bde32ba9829850b3dbced27",
    "https://esm.sh/v135/arktype@2.0.0-dev.25/denonext/internal/module.js": "9640a1a0168a4aabb9e2d419b89d1615f0115636f733fd3afb7f44359c4634c4",
    "https://esm.sh/v135/arktype@2.0.0-dev.25/denonext/internal/parser/definition.js": "bc3a614d9f3c14b01a120994ce6232f1e2c642d16e7f48b032d8fe8e7e0f75e8",
    "https://esm.sh/v135/arktype@2.0.0-dev.25/denonext/internal/parser/generic.js": "ea0400afcd1639cb9e5b383ec32f2aa4c425fb1aeca265fd88df47cddc3b2389",
    "https://esm.sh/v135/arktype@2.0.0-dev.25/denonext/internal/parser/objectLiteral.js": "bf303cd0acf42ee2c7ee9ee25a6726742c0e5764f3c88da19148a5b96daec237",
    "https://esm.sh/v135/arktype@2.0.0-dev.25/denonext/internal/parser/semantic/validate.js": "23212ad03c2614b5a4314adfca2cca1d890a146e9a2b7473d3af239d2ec758e2",
    "https://esm.sh/v135/arktype@2.0.0-dev.25/denonext/internal/parser/string/reduce/dynamic.js": "bf3d217a7518877354e539d476d81a596d4353a6c492fd57c53dadc144755a13",
    "https://esm.sh/v135/arktype@2.0.0-dev.25/denonext/internal/parser/string/reduce/shared.js": "c33b6b0191a819d3cdeaadd910e4f845123e6c23d9431abd9a396fbda0076e72",
    "https://esm.sh/v135/arktype@2.0.0-dev.25/denonext/internal/parser/string/shift/operand/date.js": "b77200a2123df387de8fe8b6410b05e4a204d99d6082b8fafb5f829d93a6dcce",
    "https://esm.sh/v135/arktype@2.0.0-dev.25/denonext/internal/parser/string/shift/operand/enclosed.js": "821474122a7f8cdf72ad4a877f5c355f676577541bdd4a5b36d94f93dea2086f",
    "https://esm.sh/v135/arktype@2.0.0-dev.25/denonext/internal/parser/string/shift/operand/genericArgs.js": "433fbea571c54f8e414b9b09ccfd93cdb3b2aefa46a56dc6f95e5315ffbb4d0b",
    "https://esm.sh/v135/arktype@2.0.0-dev.25/denonext/internal/parser/string/shift/operand/operand.js": "7103ada78fd1c1f805f290cdf4e4db43edf973d00e21a5b8add955add1dedfdc",
    "https://esm.sh/v135/arktype@2.0.0-dev.25/denonext/internal/parser/string/shift/operand/unenclosed.js": "66a3c7a51aa944ff0edbb33aa571e56e014d17be4ab294a0e99295a468369b26",
    "https://esm.sh/v135/arktype@2.0.0-dev.25/denonext/internal/parser/string/shift/operator/bounds.js": "5c78f9dcd02d766bcd67ff17f17294c031a1c2f717715b43be976407151263a4",
    "https://esm.sh/v135/arktype@2.0.0-dev.25/denonext/internal/parser/string/shift/operator/divisor.js": "02418e35e25cd64c5da2a180de60e128a7d6d5afe37abf2ff907ce83866f84eb",
    "https://esm.sh/v135/arktype@2.0.0-dev.25/denonext/internal/parser/string/shift/operator/operator.js": "1d822228fcb2574e80555c61d993f9bbbafd96383c44a898586fc4cbc2ab7039",
    "https://esm.sh/v135/arktype@2.0.0-dev.25/denonext/internal/parser/string/shift/scanner.js": "a204dc4442104e2c30dabee6f0f1d4e5aed142379fd031b5b6e733d98a79fff7",
    "https://esm.sh/v135/arktype@2.0.0-dev.25/denonext/internal/parser/string/string.js": "14cc1f595c6a680a221de85cff82f75f9a53c3409ccca8128840f2010fd4a8c2",
    "https://esm.sh/v135/arktype@2.0.0-dev.25/denonext/internal/parser/tuple.js": "64e53617e85c73c3a2468f46f9ff65d1a217c74e033b6a34681988b3ef354a7a",
    "https://esm.sh/v135/arktype@2.0.0-dev.25/denonext/internal/scope.js": "fb1b6eec3e930dfbb35e9ada819268bd57e068049d5b0a858f6bdf8b105c6533",
    "https://esm.sh/v135/arktype@2.0.0-dev.25/denonext/internal/type.js": "70045e88740b8c8dadb7aeae32e794909239189a5b06be107cd7dc0953d438cc",
    "https://raw.githubusercontent.com/mommysgoodpuppy/byte_type_C/main/mod.ts": "9473507398048cb24dbb37b3a220777106c69c28d573898648deb2bb84a7e131",
    "https://raw.githubusercontent.com/mommysgoodpuppy/byte_type_C/main/src/array/array.ts": "47a72c6dcd72062ac4bc21df485540d3763fe40dc2b3a707591e3e6f29341abc",
    "https://raw.githubusercontent.com/mommysgoodpuppy/byte_type_C/main/src/array/array_buffer.ts": "3e78940e9d481e23cc271d14ed9fa4c45e4e7e6bdbcc602f26e8a70ff28ba6bb",
    "https://raw.githubusercontent.com/mommysgoodpuppy/byte_type_C/main/src/array/mod.ts": "2e6eaa208bbd7a39be9ca80d51ce1f660c69c60f38db3aa49cd8feadce4ca604",
    "https://raw.githubusercontent.com/mommysgoodpuppy/byte_type_C/main/src/array/sized_array.ts": "b2de484087076c08b76d3a399ff5f550fc04932ee3e015929776788f381702ab",
    "https://raw.githubusercontent.com/mommysgoodpuppy/byte_type_C/main/src/array/typed_array.ts": "d966cb09bc0bf80ded4c738a0970582c06f34d59e760dd69ae56dd97f2a402c0",
    "https://raw.githubusercontent.com/mommysgoodpuppy/byte_type_C/main/src/bitflags/bitflags16.ts": "1ebd50d376db22cdfaece2ac48505360d34fbf8b207844eaa07ab5d52d1a0856",
    "https://raw.githubusercontent.com/mommysgoodpuppy/byte_type_C/main/src/bitflags/bitflags32.ts": "8e8c9d7ff79d3b19d9e08a37a21887a9b0778eb21d602bbd54cb73d74262e05a",
    "https://raw.githubusercontent.com/mommysgoodpuppy/byte_type_C/main/src/bitflags/bitflags64.ts": "51c89f3836146b534294b28808a3d7744d9b635707eee702f5057733d83e8f2e",
    "https://raw.githubusercontent.com/mommysgoodpuppy/byte_type_C/main/src/bitflags/bitflags8.ts": "d6e71d70c745d1ffcfba9c440628d989790ce271b61688d9cf12f99a2466be73",
    "https://raw.githubusercontent.com/mommysgoodpuppy/byte_type_C/main/src/bitflags/mod.ts": "1897c05a4349ab257e80125968cab75103b57c90620e9cf5f0e6747c95f1541e",
    "https://raw.githubusercontent.com/mommysgoodpuppy/byte_type_C/main/src/compound/mod.ts": "29578ec04e59c9217e3850b83633094498ef8187433c69a19677c7023ab3ca7e",
    "https://raw.githubusercontent.com/mommysgoodpuppy/byte_type_C/main/src/compound/sized_struct.ts": "c0c5c1e52bfab6aca3e7fcbafa7fa85d25b5736df95f3444533347dc54e5a022",
    "https://raw.githubusercontent.com/mommysgoodpuppy/byte_type_C/main/src/compound/struct.ts": "f513de2a5e7605521615695b31e8df3d39dc62500dd8acf8afb19b15208bfa80",
    "https://raw.githubusercontent.com/mommysgoodpuppy/byte_type_C/main/src/compound/tagged_union.ts": "aa54f9492b335f070605e1e511c2a089ab7156d79788a97336867da497b04ac7",
    "https://raw.githubusercontent.com/mommysgoodpuppy/byte_type_C/main/src/compound/tuple.ts": "339be2611bfdbaff3a8e590adeb50d5b70c4d2156446cf2097f0a350e78727e9",
    "https://raw.githubusercontent.com/mommysgoodpuppy/byte_type_C/main/src/mod.ts": "855780c4734004714af53c5184782a22f01747094c4f1c53d60947186f3914c1",
    "https://raw.githubusercontent.com/mommysgoodpuppy/byte_type_C/main/src/primitives/bool.ts": "417044e1a0b480eeb42d431927041061a5105da6554b50a6837283a16b676e49",
    "https://raw.githubusercontent.com/mommysgoodpuppy/byte_type_C/main/src/primitives/f32.ts": "3a346fbb614cda8df3a3e912d4c454e8135448cfacd08145dfd8900c75abc8e6",
    "https://raw.githubusercontent.com/mommysgoodpuppy/byte_type_C/main/src/primitives/f64.ts": "5599679822be4e2b053055ba106eb125c758f67f92b6a7ac409df8cf8b6296b0",
    "https://raw.githubusercontent.com/mommysgoodpuppy/byte_type_C/main/src/primitives/i16.ts": "49d0435c42b7437e07d14ecd126f78c81846e65fbfe99bf2a38939a2528f20f2",
    "https://raw.githubusercontent.com/mommysgoodpuppy/byte_type_C/main/src/primitives/i32.ts": "336cd0fcdf1b6253d8cef90ecd32753802f59fbe0a9c7aeedb203c423dc10932",
    "https://raw.githubusercontent.com/mommysgoodpuppy/byte_type_C/main/src/primitives/i64.ts": "531d39e90674c563e699e6b05c519affe54834eca4b3e1a8e4df877ded53131f",
    "https://raw.githubusercontent.com/mommysgoodpuppy/byte_type_C/main/src/primitives/i8.ts": "9103289010f6689b8ea9666f37837f014b57fff4367e706e3201a5c4424df5d6",
    "https://raw.githubusercontent.com/mommysgoodpuppy/byte_type_C/main/src/primitives/mod.ts": "cf6fd271c658b77ed27da3589342ff4c508af041ac97bf05c764bfc3814591ef",
    "https://raw.githubusercontent.com/mommysgoodpuppy/byte_type_C/main/src/primitives/u16.ts": "0c3f0c7061e63f79770939019b213ea164f736a7f00362826fd6d4208c6cc3fc",
    "https://raw.githubusercontent.com/mommysgoodpuppy/byte_type_C/main/src/primitives/u32.ts": "3e34d5c1b758e4fb427d70f16fc605aa4f9e9ca1d077240745710f3cd79637a5",
    "https://raw.githubusercontent.com/mommysgoodpuppy/byte_type_C/main/src/primitives/u64.ts": "507109a8c80880f1a1446bb723d6fc81bd44a23d5ca7d298db5a94c1b492767b",
    "https://raw.githubusercontent.com/mommysgoodpuppy/byte_type_C/main/src/primitives/u8.ts": "f3f4d9901d0b61f12395a6c96edadef3d7d033544b4f5f0b704e9d17832577af",
    "https://raw.githubusercontent.com/mommysgoodpuppy/byte_type_C/main/src/string/_common.ts": "35c46f52cde3136b7a0888128f61dc0760b387baf2174dac681aa5666b4b5cb0",
    "https://raw.githubusercontent.com/mommysgoodpuppy/byte_type_C/main/src/string/cstring.ts": "50e287dc291260617df940f4a109835423e41b0184264bf81d66795d802ed62f",
    "https://raw.githubusercontent.com/mommysgoodpuppy/byte_type_C/main/src/string/fixed_length.ts": "f415096a44f0b580c329429a471b28bb5ad800c69847781a88879deb2f18dc57",
    "https://raw.githubusercontent.com/mommysgoodpuppy/byte_type_C/main/src/string/mod.ts": "3d13829eefc7e781f2be70d62fbc1ac5e14ba30fec62bb713094ebec479e2aef",
    "https://raw.githubusercontent.com/mommysgoodpuppy/byte_type_C/main/src/types/common.ts": "6196523503fde8abca0b414bbe0e0b888ad4e2076e89e2c8a636e932a3214697",
    "https://raw.githubusercontent.com/mommysgoodpuppy/byte_type_C/main/src/types/mod.ts": "de654b64e556bc95287f47bf2e5359fa6b75ba9a7ecadbfdbe6adc5b8f4e9311",
    "https://raw.githubusercontent.com/mommysgoodpuppy/byte_type_C/main/src/types/sized.ts": "9ac1c68dd684d93002d8f129d7f3e1b4202432ce7ba90469f14fc2f61a7ad557",
    "https://raw.githubusercontent.com/mommysgoodpuppy/byte_type_C/main/src/types/unsized.ts": "6d7f6b05a6ee095127b694466f416806d2d08f13bbec53c48d2568bfa8e435ae",
    "https://raw.githubusercontent.com/mommysgoodpuppy/byte_type_C/main/src/util.ts": "225fbd478d6abdf0e364b847e66e6ff9311b7e49163714f8efd9e08ddec9e55d",
    "https://raw.githubusercontent.com/mommysgoodpuppy/byte_type_C/main/src/varint/_common.ts": "c7430bfb243b2311e852c45664194e3c2fd7c6cd61ff03292410fca89101ec2d",
    "https://raw.githubusercontent.com/mommysgoodpuppy/byte_type_C/main/src/varint/i32_leb128.ts": "e37e9e24c48ee7b43264c486ded758ffabb9a4e261f7c8d6d275a48b78ea2f29",
    "https://raw.githubusercontent.com/mommysgoodpuppy/byte_type_C/main/src/varint/i64_leb128.ts": "febba94e3fd9ac71bd65219be9f651f2f7706e11a621153f282ce6e33c69d8fe",
    "https://raw.githubusercontent.com/mommysgoodpuppy/byte_type_C/main/src/varint/mod.ts": "f52855601abd19c9af3cdc4e19afde4b57a0d567b99a807063b6a3761b783bba"
  }
}
