{
  "version": "3",
  "redirects": {
    "https://deno.land/x/port/mod.ts": "https://deno.land/x/port@1.0.0/mod.ts"
  },
  "remote": {
    "https://deno.land/x/namedpipe@0.1.2/client.ts": "21d3fdd0815f969bff33363e9743dc0f32d750cce32d47d73f4d0b16b4c51201",
    "https://deno.land/x/namedpipe@0.1.2/deps.ts": "887765175a2b941907e5a61edb62e1f4fb91cae13c42b6134f4863e9d9c73ba8",
    "https://deno.land/x/namedpipe@0.1.2/mod.ts": "865f345ff24605453bc6d89d780c0785eb8c75345a01eef6bf66b4fb578e67b9",
    "https://deno.land/x/port@1.0.0/mod.ts": "2dc04ce1ccf133ae09205e30b550044c4c6f64a1a7d00ea91c66dbb9f6cc00f5",
    "https://deno.land/x/port@1.0.0/types.ts": "42d6ae4147d5d67408d60209da070ddfa79ec8389c6cab1b8002df0cf6c03af6",
    "https://raw.githubusercontent.com/DjDeveloperr/deno_win32/0.4.1/util.ts": "0f846e01a976601ad4c9839b72df8aaddc65685a16bc658a1bb914e21323e231",
    "https://win32.deno.dev/0.4.1/Foundation": "4269309575d542c58cc9889a78e7f02d98a0af78f74bcaaf0c7bff52dddb7146",
    "https://win32.deno.dev/0.4.1/Storage.FileSystem": "6acf3f10fa7b153cf0dc3bdb184a305c67dab28bcca25ec8726b65623f234fa3",
    "https://win32.deno.dev/0.4.1/System.Diagnostics.Debug": "941ea74c410cf57b05eb9fa6c1ccccf57aee633ffb8a18e41a5496ecbd8b5de8",
    "https://win32.deno.dev/0.4.1/System.IO": "9c26d0b15a5e1ec5f1765af18b5983ebd920890c52ede231a625384b6ef7a2c4",
    "https://win32.deno.dev/0.4.1/System.Pipes": "7a1b9870018298d069908e51635f8aa63d1c2cfcdab55e440b50cee04cef87a0",
    "https://win32.deno.dev/0.4.1/error": "548aa1b5f09f1f39193ce930583180f5e9d7062b2b06a7eea735a4b9f4c45e40",
    "https://win32.deno.dev/0.4.1/overlapped": "917c33c6d55ee8fb842c764fdd754cc547601a5abe68ad6431043da0768d2478"
  }
}
