{
  "name": "Hyperswarm",
  "lockfileVersion": 3,
  "requires": true,
  "packages": {
    "": {
      "dependencies": {
        "@types/node": "^22.5.0",
        "@types/ws": "8.5.12",
        "b4a": "^1.6.6",
        "crypto": "^1.0.1",
        "hypercore-crypto": "^3.4.2",
        "hyperswarm": "^4.8.2",
        "ts-node": "^10.9.2",
        "ws": "^8.18.0"
      }
    },
    "node_modules/@cspotcode/source-map-support": {
      "version": "0.8.1",
      "resolved": "https://registry.npmjs.org/@cspotcode/source-map-support/-/source-map-support-0.8.1.tgz",
      "integrity": "sha512-IchNf6dN4tHoMFIn/7OE8LWZ19Y6q/67Bmf6vnGREv8RSbBVb9LPJxEcnwrcwX6ixSvaiGoomAUvu4YSxXrVgw==",
      "dependencies": {
        "@jridgewell/trace-mapping": "0.3.9"
      },
      "engines": {
        "node": ">=12"
      }
    },
    "node_modules/@hyperswarm/secret-stream": {
      "version": "6.6.3",
      "resolved": "https://registry.npmjs.org/@hyperswarm/secret-stream/-/secret-stream-6.6.3.tgz",
      "integrity": "sha512-F/EF5KLUqjkTNFof1K5dz57CwrwjSzG0XxZe2X9t/2/mG5iQ28yJIwNcVabkWS1Wk2ZB719piVGKk6YbwkJ0aQ==",
      "license": "Apache-2.0",
      "dependencies": {
        "b4a": "^1.1.0",
        "hypercore-crypto": "^3.3.1",
        "noise-curve-ed": "^2.0.1",
        "noise-handshake": "^3.0.2",
        "sodium-secretstream": "^1.1.0",
        "sodium-universal": "^4.0.0",
        "streamx": "^2.14.0",
        "timeout-refresh": "^2.0.0"
      }
    },
    "node_modules/@jridgewell/resolve-uri": {
      "version": "3.1.2",
      "resolved": "https://registry.npmjs.org/@jridgewell/resolve-uri/-/resolve-uri-3.1.2.tgz",
      "integrity": "sha512-bRISgCIjP20/tbWSPWMEi54QVPRZExkuD9lJL+UIxUKtwVJA8wW1Trb1jMs1RFXo1CBTNZ/5hpC9QvmKWdopKw==",
      "engines": {
        "node": ">=6.0.0"
      }
    },
    "node_modules/@jridgewell/sourcemap-codec": {
      "version": "1.4.15",
      "resolved": "https://registry.npmjs.org/@jridgewell/sourcemap-codec/-/sourcemap-codec-1.4.15.tgz",
      "integrity": "sha512-eF2rxCRulEKXHTRiDrDy6erMYWqNw4LPdQ8UQA4huuxaQsVeRPFl2oM8oDGxMFhJUWZf9McpLtJasDDZb/Bpeg=="
    },
    "node_modules/@jridgewell/trace-mapping": {
      "version": "0.3.9",
      "resolved": "https://registry.npmjs.org/@jridgewell/trace-mapping/-/trace-mapping-0.3.9.tgz",
      "integrity": "sha512-3Belt6tdc8bPgAtbcmdtNJlirVoTmEb5e2gC94PnkwEW9jI6CAHUeoG85tjWP5WquqfavoMtMwiG4P926ZKKuQ==",
      "dependencies": {
        "@jridgewell/resolve-uri": "^3.0.3",
        "@jridgewell/sourcemap-codec": "^1.4.10"
      }
    },
    "node_modules/@tsconfig/node10": {
      "version": "1.0.11",
      "resolved": "https://registry.npmjs.org/@tsconfig/node10/-/node10-1.0.11.tgz",
      "integrity": "sha512-DcRjDCujK/kCk/cUe8Xz8ZSpm8mS3mNNpta+jGCA6USEDfktlNvm1+IuZ9eTcDbNk41BHwpHHeW+N1lKCz4zOw=="
    },
    "node_modules/@tsconfig/node12": {
      "version": "1.0.11",
      "resolved": "https://registry.npmjs.org/@tsconfig/node12/-/node12-1.0.11.tgz",
      "integrity": "sha512-cqefuRsh12pWyGsIoBKJA9luFu3mRxCA+ORZvA4ktLSzIuCUtWVxGIuXigEwO5/ywWFMZ2QEGKWvkZG1zDMTag=="
    },
    "node_modules/@tsconfig/node14": {
      "version": "1.0.3",
      "resolved": "https://registry.npmjs.org/@tsconfig/node14/-/node14-1.0.3.tgz",
      "integrity": "sha512-ysT8mhdixWK6Hw3i1V2AeRqZ5WfXg1G43mqoYlM2nc6388Fq5jcXyr5mRsqViLx/GJYdoL0bfXD8nmF+Zn/Iow=="
    },
    "node_modules/@tsconfig/node16": {
      "version": "1.0.4",
      "resolved": "https://registry.npmjs.org/@tsconfig/node16/-/node16-1.0.4.tgz",
      "integrity": "sha512-vxhUy4J8lyeyinH7Azl1pdd43GJhZH/tP2weN8TntQblOY+A0XbT8DJk1/oCPuOOyg/Ja757rG0CgHcWC8OfMA=="
    },
    "node_modules/@types/node": {
      "version": "22.5.0",
      "resolved": "https://registry.npmjs.org/@types/node/-/node-22.5.0.tgz",
      "integrity": "sha512-DkFrJOe+rfdHTqqMg0bSNlGlQ85hSoh2TPzZyhHsXnMtligRWpxUySiyw8FY14ITt24HVCiQPWxS3KO/QlGmWg==",
      "license": "MIT",
      "dependencies": {
        "undici-types": "~6.19.2"
      }
    },
    "node_modules/@types/ws": {
      "version": "8.5.12",
      "resolved": "https://registry.npmjs.org/@types/ws/-/ws-8.5.12.tgz",
      "integrity": "sha512-3tPRkv1EtkDpzlgyKyI8pGsGZAGPEaXeu0DOj5DI25Ja91bdAYddYHbADRYVrZMRbfW+1l5YwXVDKohDJNQxkQ==",
      "license": "MIT",
      "dependencies": {
        "@types/node": "*"
      }
    },
    "node_modules/acorn": {
      "version": "8.12.0",
      "resolved": "https://registry.npmjs.org/acorn/-/acorn-8.12.0.tgz",
      "integrity": "sha512-RTvkC4w+KNXrM39/lWCUaG0IbRkWdCv7W/IOW9oU6SawyxulvkQy5HQPVTKxEjczcUvapcrw3cFx/60VN/NRNw==",
      "bin": {
        "acorn": "bin/acorn"
      },
      "engines": {
        "node": ">=0.4.0"
      }
    },
    "node_modules/acorn-walk": {
      "version": "8.3.3",
      "resolved": "https://registry.npmjs.org/acorn-walk/-/acorn-walk-8.3.3.tgz",
      "integrity": "sha512-MxXdReSRhGO7VlFe1bRG/oI7/mdLV9B9JJT0N8vZOhF7gFRR5l3M8W9G8JxmKV+JC5mGqJ0QvqfSOLsCPa4nUw==",
      "dependencies": {
        "acorn": "^8.11.0"
      },
      "engines": {
        "node": ">=0.4.0"
      }
    },
    "node_modules/arg": {
      "version": "4.1.3",
      "resolved": "https://registry.npmjs.org/arg/-/arg-4.1.3.tgz",
      "integrity": "sha512-58S9QDqG0Xx27YwPSt9fJxivjYl432YCwfDMfZ+71RAqUrZef7LrKQZ3LHLOwCS4FLNBplP533Zx895SeOCHvA=="
    },
    "node_modules/b4a": {
      "version": "1.6.6",
      "resolved": "https://registry.npmjs.org/b4a/-/b4a-1.6.6.tgz",
      "integrity": "sha512-5Tk1HLk6b6ctmjIkAcU/Ujv/1WqiDl0F0JdRCR80VsOcUlHcu7pWeWRlOqQLHfDEsVx9YH/aif5AG4ehoCtTmg==",
      "license": "Apache-2.0"
    },
    "node_modules/bare-events": {
      "version": "2.4.2",
      "resolved": "https://registry.npmjs.org/bare-events/-/bare-events-2.4.2.tgz",
      "integrity": "sha512-qMKFd2qG/36aA4GwvKq8MxnPgCQAmBWmSyLWsJcbn8v03wvIPQ/hG1Ms8bPzndZxMDoHpxez5VOS+gC9Yi24/Q==",
      "license": "Apache-2.0"
    },
    "node_modules/bits-to-bytes": {
      "version": "1.3.0",
      "resolved": "https://registry.npmjs.org/bits-to-bytes/-/bits-to-bytes-1.3.0.tgz",
      "integrity": "sha512-OJoHTpFXS9bXHBCekGTByf3MqM8CGblBDIduKQeeVVeiU9dDWywSSirXIBYGgg3d1zbVuvnMa1vD4r6PA0kOKg==",
      "license": "ISC",
      "dependencies": {
        "b4a": "^1.5.0"
      }
    },
    "node_modules/blind-relay": {
      "version": "1.3.3",
      "resolved": "https://registry.npmjs.org/blind-relay/-/blind-relay-1.3.3.tgz",
      "integrity": "sha512-J49HZaRLA+jgmIA+J01x0NzDtNMQVzuFfz7CnLLijIUMJkxTbaexIGI/tfk6LONcr/+INmgbS8gMLeuaRvfreA==",
      "license": "Apache-2.0",
      "dependencies": {
        "b4a": "^1.6.4",
        "bare-events": "^2.2.0",
        "bits-to-bytes": "^1.3.0",
        "compact-encoding": "^2.12.0",
        "compact-encoding-bitfield": "^1.0.0",
        "hypertrace": "^1.4.1",
        "protomux": "^3.5.1",
        "sodium-universal": "^4.0.0",
        "streamx": "^2.15.1"
      }
    },
    "node_modules/bogon": {
      "version": "1.1.0",
      "resolved": "https://registry.npmjs.org/bogon/-/bogon-1.1.0.tgz",
      "integrity": "sha512-a6SnToksXHuUlgeMvI/txWmTcKz7c7iBa8f0HbXL4toN1Uza/CTQ4F7n9jSDX49TCpxv3KUP100q4sZfwLyLiw==",
      "license": "MIT",
      "dependencies": {
        "compact-encoding": "^2.11.0",
        "compact-encoding-net": "^1.2.0"
      }
    },
    "node_modules/compact-encoding": {
      "version": "2.15.0",
      "resolved": "https://registry.npmjs.org/compact-encoding/-/compact-encoding-2.15.0.tgz",
      "integrity": "sha512-af/NomxL9Mo0lqCk++rxLLDZI+lJqeBrPt4dK6FbjxTCEhfC9yQAIoO6yq9ixyCirce0luQwErkwJrhem6clxA==",
      "license": "Apache-2.0",
      "dependencies": {
        "b4a": "^1.3.0"
      }
    },
    "node_modules/compact-encoding-bitfield": {
      "version": "1.0.0",
      "resolved": "https://registry.npmjs.org/compact-encoding-bitfield/-/compact-encoding-bitfield-1.0.0.tgz",
      "integrity": "sha512-3nMVKUg+PF72UHfainmCL8uKvyWfxsjqOtUY+HiMPGLPCTjnwzoKfFAMo1Ad7nwTPdjBqtGK5b3BOFTFW4EBTg==",
      "license": "ISC",
      "dependencies": {
        "compact-encoding": "^2.4.1"
      }
    },
    "node_modules/compact-encoding-net": {
      "version": "1.2.0",
      "resolved": "https://registry.npmjs.org/compact-encoding-net/-/compact-encoding-net-1.2.0.tgz",
      "integrity": "sha512-LVXpNpF7PGQeHRVVLGgYWzuVoYAaDZvKUsUxRioGfkotzvOh4AzoQF1HBH3zMNaSnx7gJXuUr3hkjnijaH/Eng==",
      "license": "ISC",
      "dependencies": {
        "compact-encoding": "^2.4.1"
      }
    },
    "node_modules/create-require": {
      "version": "1.1.1",
      "resolved": "https://registry.npmjs.org/create-require/-/create-require-1.1.1.tgz",
      "integrity": "sha512-dcKFX3jn0MpIaXjisoRvexIJVEKzaq7z2rZKxf+MSr9TkdmHmsU4m2lcLojrj/FHl8mk5VxMmYA+ftRkP/3oKQ=="
    },
    "node_modules/crypto": {
      "version": "1.0.1",
      "resolved": "https://registry.npmjs.org/crypto/-/crypto-1.0.1.tgz",
      "integrity": "sha512-VxBKmeNcqQdiUQUW2Tzq0t377b54N2bMtXO/qiLa+6eRRmmC4qT3D4OnTGoT/U6O9aklQ/jTwbOtRMTTY8G0Ig==",
      "deprecated": "This package is no longer supported. It's now a built-in Node module. If you've depended on crypto, you should switch to the one that's built-in.",
      "license": "ISC"
    },
    "node_modules/debugging-stream": {
      "version": "2.0.0",
      "resolved": "https://registry.npmjs.org/debugging-stream/-/debugging-stream-2.0.0.tgz",
      "integrity": "sha512-xwfl6wB/3xc553uwtGnSa94jFxnGOc02C0WU2Nmzwr80gzeqn1FX4VcbvoKIhe8L/lPq4BTQttAbrTN94uN8rA==",
      "license": "MIT",
      "dependencies": {
        "streamx": "^2.12.4"
      }
    },
    "node_modules/dht-rpc": {
      "version": "6.12.1",
      "resolved": "https://registry.npmjs.org/dht-rpc/-/dht-rpc-6.12.1.tgz",
      "integrity": "sha512-doX05CNlbMohyqs2t9smpCSfF2lGSRdNDL2thJHFV+hW6igiNf8PN8ykAKhO2Cb75YH1Bm1CSigPhIn+IaEiIQ==",
      "license": "MIT",
      "dependencies": {
        "b4a": "^1.6.1",
        "bare-events": "^2.2.0",
        "compact-encoding": "^2.11.0",
        "compact-encoding-net": "^1.2.0",
        "fast-fifo": "^1.1.0",
        "kademlia-routing-table": "^1.0.1",
        "nat-sampler": "^1.0.1",
        "sodium-universal": "^4.0.0",
        "streamx": "^2.13.2",
        "time-ordered-set": "^1.0.2",
        "udx-native": "^1.5.3"
      }
    },
    "node_modules/diff": {
      "version": "4.0.2",
      "resolved": "https://registry.npmjs.org/diff/-/diff-4.0.2.tgz",
      "integrity": "sha512-58lmxKSA4BNyLz+HHMUzlOEpg09FV+ev6ZMe3vJihgdxzgcwZ8VoEEPmALCZG9LmqfVoNMMKpttIYTVG6uDY7A==",
      "engines": {
        "node": ">=0.3.1"
      }
    },
    "node_modules/fast-fifo": {
      "version": "1.3.2",
      "resolved": "https://registry.npmjs.org/fast-fifo/-/fast-fifo-1.3.2.tgz",
      "integrity": "sha512-/d9sfos4yxzpwkDkuN7k2SqFKtYNmCTzgfEpz82x34IM9/zc8KGxQoXg1liNC/izpRM/MBdt44Nmx41ZWqk+FQ==",
      "license": "MIT"
    },
    "node_modules/hypercore-crypto": {
      "version": "3.4.2",
      "resolved": "https://registry.npmjs.org/hypercore-crypto/-/hypercore-crypto-3.4.2.tgz",
      "integrity": "sha512-16ii4M6T1dFfRa41Szv3IR0wXfImJMYJ8ysZEGwHEDH7sMeWVEBck6tg1GCNutYl39E+H7wMY2p3ndCRfj+XdQ==",
      "license": "MIT",
      "dependencies": {
        "b4a": "^1.6.6",
        "compact-encoding": "^2.15.0",
        "sodium-universal": "^4.0.1"
      }
    },
    "node_modules/hypercore-id-encoding": {
      "version": "1.3.0",
      "resolved": "https://registry.npmjs.org/hypercore-id-encoding/-/hypercore-id-encoding-1.3.0.tgz",
      "integrity": "sha512-W6sHdGo5h7LXEsoWfKf/KfuROZmZRQDlGqJF2EPHW+noCK66Vvr0+zE6cL0vqQi18s0kQPeN7Sq3QyR0Ytc2VQ==",
      "license": "Apache-2.0",
      "dependencies": {
        "b4a": "^1.5.3",
        "z32": "^1.0.0"
      }
    },
    "node_modules/hyperdht": {
      "version": "6.16.2",
      "resolved": "https://registry.npmjs.org/hyperdht/-/hyperdht-6.16.2.tgz",
      "integrity": "sha512-PHcn5kbggP9kYkbr7giAvtpmtYXCnRTdnxvET3K6IQsHjQSzVnAvvcAr29UjH4mvP6ofoeM/sLhxc0svmJfHdw==",
      "license": "MIT",
      "dependencies": {
        "@hyperswarm/secret-stream": "^6.6.2",
        "b4a": "^1.3.1",
        "bare-events": "^2.2.0",
        "blind-relay": "^1.3.0",
        "bogon": "^1.0.0",
        "compact-encoding": "^2.4.1",
        "compact-encoding-net": "^1.0.1",
        "debugging-stream": "^2.0.0",
        "dht-rpc": "^6.11.3",
        "hypercore-crypto": "^3.3.0",
        "hypercore-id-encoding": "^1.2.0",
        "hypertrace": "^1.3.0",
        "noise-curve-ed": "^2.0.0",
        "noise-handshake": "^3.0.0",
        "record-cache": "^1.1.1",
        "safety-catch": "^1.0.1",
        "signal-promise": "^1.0.3",
        "sodium-universal": "^4.0.0",
        "streamx": "^2.16.1",
        "unslab": "^1.3.0",
        "xache": "^1.1.0"
      },
      "bin": {
        "hyperdht": "bin.js"
      }
    },
    "node_modules/hyperswarm": {
      "version": "4.8.2",
      "resolved": "https://registry.npmjs.org/hyperswarm/-/hyperswarm-4.8.2.tgz",
      "integrity": "sha512-AkimKT5+mcw68OExQNRHZ69w3b4IEkM+2dP5CWbUGFNDqEbRN6FwQrMF8tVtQlgvl5VXGsm9Je1IgeCz8kcECw==",
      "license": "MIT",
      "dependencies": {
        "b4a": "^1.3.1",
        "bare-events": "^2.2.0",
        "hyperdht": "^6.11.0",
        "safety-catch": "^1.0.2",
        "shuffled-priority-queue": "^2.1.0",
        "unslab": "^1.3.0"
      }
    },
    "node_modules/hypertrace": {
      "version": "1.4.2",
      "resolved": "https://registry.npmjs.org/hypertrace/-/hypertrace-1.4.2.tgz",
      "integrity": "sha512-sa6iq1FaJ03Db3eUl5ZodyOL3fheyrum9xzeHasXOQ/AprTT6vS1WjpbXfYkHhmzVmyn0jBW/VsCb1QaBkGyow==",
      "license": "Apache-2.0"
    },
    "node_modules/kademlia-routing-table": {
      "version": "1.0.3",
      "resolved": "https://registry.npmjs.org/kademlia-routing-table/-/kademlia-routing-table-1.0.3.tgz",
      "integrity": "sha512-ag1nLPaCSxbLnG6zeTBoGkdm+JSUi2JHMiNynHBoRG8se2w9yfyzepF3oX1B52HOEldtbuxTde5NxbNUtnwGqA==",
      "license": "MIT",
      "dependencies": {
        "bare-events": "^2.2.0"
      }
    },
    "node_modules/make-error": {
      "version": "1.3.6",
      "resolved": "https://registry.npmjs.org/make-error/-/make-error-1.3.6.tgz",
      "integrity": "sha512-s8UhlNe7vPKomQhC1qFelMokr/Sc3AgNbso3n74mVPA5LTZwkB9NlXf4XPamLxJE8h0gh73rM94xvwRT2CVInw=="
    },
    "node_modules/nanoassert": {
      "version": "2.0.0",
      "resolved": "https://registry.npmjs.org/nanoassert/-/nanoassert-2.0.0.tgz",
      "integrity": "sha512-7vO7n28+aYO4J+8w96AzhmU8G+Y/xpPDJz/se19ICsqj/momRbb9mh9ZUtkoJ5X3nTnPdhEJyc0qnM6yAsHBaA==",
      "license": "ISC"
    },
    "node_modules/napi-macros": {
      "version": "2.2.2",
      "resolved": "https://registry.npmjs.org/napi-macros/-/napi-macros-2.2.2.tgz",
      "integrity": "sha512-hmEVtAGYzVQpCKdbQea4skABsdXW4RUh5t5mJ2zzqowJS2OyXZTU1KhDVFhx+NlWZ4ap9mqR9TcDO3LTTttd+g==",
      "license": "MIT"
    },
    "node_modules/nat-sampler": {
      "version": "1.0.1",
      "resolved": "https://registry.npmjs.org/nat-sampler/-/nat-sampler-1.0.1.tgz",
      "integrity": "sha512-yQvyNN7xbqR8crTKk3U8gRgpcV1Az+vfCEijiHu9oHHsnIl8n3x+yXNHl42M6L3czGynAVoOT9TqBfS87gDdcw==",
      "license": "MIT"
    },
    "node_modules/node-gyp-build": {
      "version": "4.8.1",
      "resolved": "https://registry.npmjs.org/node-gyp-build/-/node-gyp-build-4.8.1.tgz",
      "integrity": "sha512-OSs33Z9yWr148JZcbZd5WiAXhh/n9z8TxQcdMhIOlpN9AhWpLfvVFO73+m77bBABQMaY9XSvIa+qk0jlI7Gcaw==",
      "license": "MIT",
      "bin": {
        "node-gyp-build": "bin.js",
        "node-gyp-build-optional": "optional.js",
        "node-gyp-build-test": "build-test.js"
      }
    },
    "node_modules/noise-curve-ed": {
      "version": "2.0.1",
      "resolved": "https://registry.npmjs.org/noise-curve-ed/-/noise-curve-ed-2.0.1.tgz",
      "integrity": "sha512-8HMZ40Wmarg8RQjVemLrjB49JSL6eGeOD+tlzaQW5/p+hNPfHFEMC3UZZ57zUqUprMuz6GN+gsPExpz2DWL+iA==",
      "license": "ISC",
      "dependencies": {
        "b4a": "^1.1.0",
        "nanoassert": "^2.0.0",
        "sodium-universal": "^4.0.0"
      }
    },
    "node_modules/noise-handshake": {
      "version": "3.1.0",
      "resolved": "https://registry.npmjs.org/noise-handshake/-/noise-handshake-3.1.0.tgz",
      "integrity": "sha512-0S1qkUvMbTvZCfgr/vSkVT84YyvI4Q0OLwSc5BFxVmjaePrxAwVeXeJDY3A7N/7+qj95gZ15LaNoP9ZnBXH5Lw==",
      "license": "ISC",
      "dependencies": {
        "b4a": "^1.1.0",
        "nanoassert": "^2.0.0",
        "sodium-universal": "^4.0.0"
      }
    },
    "node_modules/protomux": {
      "version": "3.9.2",
      "resolved": "https://registry.npmjs.org/protomux/-/protomux-3.9.2.tgz",
      "integrity": "sha512-s439dAQSrCg3rohE+Vn7UJN20bBUKNu/4m/+pSNKnavo14HHPsW7BP6YtfXD63qPDRwfM8la3r4DA1EQGM8iYQ==",
      "license": "MIT",
      "dependencies": {
        "b4a": "^1.3.1",
        "compact-encoding": "^2.5.1",
        "hypertrace": "^1.4.2",
        "queue-tick": "^1.0.0",
        "safety-catch": "^1.0.1",
        "unslab": "^1.3.0"
      }
    },
    "node_modules/queue-tick": {
      "version": "1.0.1",
      "resolved": "https://registry.npmjs.org/queue-tick/-/queue-tick-1.0.1.tgz",
      "integrity": "sha512-kJt5qhMxoszgU/62PLP1CJytzd2NKetjSRnyuj31fDd3Rlcz3fzlFdFLD1SItunPwyqEOkca6GbV612BWfaBag==",
      "license": "MIT"
    },
    "node_modules/record-cache": {
      "version": "1.2.0",
      "resolved": "https://registry.npmjs.org/record-cache/-/record-cache-1.2.0.tgz",
      "integrity": "sha512-kyy3HWCez2WrotaL3O4fTn0rsIdfRKOdQQcEJ9KpvmKmbffKVvwsloX063EgRUlpJIXHiDQFhJcTbZequ2uTZw==",
      "license": "MIT",
      "dependencies": {
        "b4a": "^1.3.1"
      }
    },
    "node_modules/safety-catch": {
      "version": "1.0.2",
      "resolved": "https://registry.npmjs.org/safety-catch/-/safety-catch-1.0.2.tgz",
      "integrity": "sha512-C1UYVZ4dtbBxEtvOcpjBaaD27nP8MlvyAQEp2fOTOEe6pfUpk1cDUxij6BR1jZup6rSyUTaBBplK7LanskrULA==",
      "license": "MIT"
    },
    "node_modules/shuffled-priority-queue": {
      "version": "2.1.0",
      "resolved": "https://registry.npmjs.org/shuffled-priority-queue/-/shuffled-priority-queue-2.1.0.tgz",
      "integrity": "sha512-xhdh7fHyMsr0m/w2kDfRJuBFRS96b9l8ZPNWGaQ+PMvnUnZ/Eh+gJJ9NsHBd7P9k0399WYlCLzsy18EaMfyadA==",
      "license": "MIT",
      "dependencies": {
        "unordered-set": "^2.0.1"
      }
    },
    "node_modules/signal-promise": {
      "version": "1.0.3",
      "resolved": "https://registry.npmjs.org/signal-promise/-/signal-promise-1.0.3.tgz",
      "integrity": "sha512-WBgv0UnIq2C+Aeh0/n+IRpP6967eIx9WpynTUoiW3isPpfe1zu2LJzyfXdo9Tgef8yR/sGjcMvoUXD7EYdiz+g==",
      "license": "MIT"
    },
    "node_modules/sodium-native": {
      "version": "4.1.1",
      "resolved": "https://registry.npmjs.org/sodium-native/-/sodium-native-4.1.1.tgz",
      "integrity": "sha512-LXkAfRd4FHtkQS4X6g+nRcVaN7mWVNepV06phIsC6+IZFvGh1voW5TNQiQp2twVaMf05gZqQjuS+uWLM6gHhNQ==",
      "hasInstallScript": true,
      "license": "MIT",
      "dependencies": {
        "node-gyp-build": "^4.8.0"
      }
    },
    "node_modules/sodium-secretstream": {
      "version": "1.1.0",
      "resolved": "https://registry.npmjs.org/sodium-secretstream/-/sodium-secretstream-1.1.0.tgz",
      "integrity": "sha512-Qg7D2xomELDjDCWAmE4izk1aecG/il8pQIGmSWFaKgah/V58BVWG/PuSZF6vseTpcqnetIFGaOWzmPNzyTD50A==",
      "license": "MIT",
      "dependencies": {
        "b4a": "^1.1.1",
        "sodium-universal": "^4.0.0"
      }
    },
    "node_modules/sodium-universal": {
      "version": "4.0.1",
      "resolved": "https://registry.npmjs.org/sodium-universal/-/sodium-universal-4.0.1.tgz",
      "integrity": "sha512-sNp13PrxYLaUFHTGoDKkSDFvoEu51bfzE12RwGlqU1fcrkpAOK0NvizaJzOWV0Omtk9me2+Pnbjcf/l0efxuGQ==",
      "license": "MIT",
      "dependencies": {
        "sodium-native": "^4.0.0"
      },
      "peerDependencies": {
        "sodium-javascript": "~0.8.0"
      },
      "peerDependenciesMeta": {
        "sodium-javascript": {
          "optional": true
        }
      }
    },
    "node_modules/streamx": {
      "version": "2.19.0",
      "resolved": "https://registry.npmjs.org/streamx/-/streamx-2.19.0.tgz",
      "integrity": "sha512-5z6CNR4gtkPbwlxyEqoDGDmWIzoNJqCBt4Eac1ICP9YaIT08ct712cFj0u1rx4F8luAuL+3Qc+RFIdI4OX00kg==",
      "license": "MIT",
      "dependencies": {
        "fast-fifo": "^1.3.2",
        "queue-tick": "^1.0.1",
        "text-decoder": "^1.1.0"
      },
      "optionalDependencies": {
        "bare-events": "^2.2.0"
      }
    },
    "node_modules/text-decoder": {
      "version": "1.1.1",
      "resolved": "https://registry.npmjs.org/text-decoder/-/text-decoder-1.1.1.tgz",
      "integrity": "sha512-8zll7REEv4GDD3x4/0pW+ppIxSNs7H1J10IKFZsuOMscumCdM2a+toDGLPA3T+1+fLBql4zbt5z83GEQGGV5VA==",
      "license": "Apache-2.0",
      "dependencies": {
        "b4a": "^1.6.4"
      }
    },
    "node_modules/time-ordered-set": {
      "version": "1.0.2",
      "resolved": "https://registry.npmjs.org/time-ordered-set/-/time-ordered-set-1.0.2.tgz",
      "integrity": "sha512-vGO99JkxvgX+u+LtOKQEpYf31Kj3i/GNwVstfnh4dyINakMgeZCpew1e3Aj+06hEslhtHEd52g7m5IV+o1K8Mw==",
      "license": "MIT"
    },
    "node_modules/timeout-refresh": {
      "version": "2.0.1",
      "resolved": "https://registry.npmjs.org/timeout-refresh/-/timeout-refresh-2.0.1.tgz",
      "integrity": "sha512-SVqEcMZBsZF9mA78rjzCrYrUs37LMJk3ShZ851ygZYW1cMeIjs9mL57KO6Iv5mmjSQnOe/29/VAfGXo+oRCiVw==",
      "license": "MIT"
    },
    "node_modules/ts-node": {
      "version": "10.9.2",
      "resolved": "https://registry.npmjs.org/ts-node/-/ts-node-10.9.2.tgz",
      "integrity": "sha512-f0FFpIdcHgn8zcPSbf1dRevwt047YMnaiJM3u2w2RewrB+fob/zePZcrOyQoLMMO7aBIddLcQIEK5dYjkLnGrQ==",
      "dependencies": {
        "@cspotcode/source-map-support": "^0.8.0",
        "@tsconfig/node10": "^1.0.7",
        "@tsconfig/node12": "^1.0.7",
        "@tsconfig/node14": "^1.0.0",
        "@tsconfig/node16": "^1.0.2",
        "acorn": "^8.4.1",
        "acorn-walk": "^8.1.1",
        "arg": "^4.1.0",
        "create-require": "^1.1.0",
        "diff": "^4.0.1",
        "make-error": "^1.1.1",
        "v8-compile-cache-lib": "^3.0.1",
        "yn": "3.1.1"
      },
      "bin": {
        "ts-node": "dist/bin.js",
        "ts-node-cwd": "dist/bin-cwd.js",
        "ts-node-esm": "dist/bin-esm.js",
        "ts-node-script": "dist/bin-script.js",
        "ts-node-transpile-only": "dist/bin-transpile.js",
        "ts-script": "dist/bin-script-deprecated.js"
      },
      "peerDependencies": {
        "@swc/core": ">=1.2.50",
        "@swc/wasm": ">=1.2.50",
        "@types/node": "*",
        "typescript": ">=2.7"
      },
      "peerDependenciesMeta": {
        "@swc/core": {
          "optional": true
        },
        "@swc/wasm": {
          "optional": true
        }
      }
    },
    "node_modules/typescript": {
      "version": "5.5.2",
      "resolved": "https://registry.npmjs.org/typescript/-/typescript-5.5.2.tgz",
      "integrity": "sha512-NcRtPEOsPFFWjobJEtfihkLCZCXZt/os3zf8nTxjVH3RvTSxjrCamJpbExGvYOF+tFHc3pA65qpdwPbzjohhew==",
      "peer": true,
      "bin": {
        "tsc": "bin/tsc",
        "tsserver": "bin/tsserver"
      },
      "engines": {
        "node": ">=14.17"
      }
    },
    "node_modules/udx-native": {
      "version": "1.11.1",
      "resolved": "https://registry.npmjs.org/udx-native/-/udx-native-1.11.1.tgz",
      "integrity": "sha512-iqG5rNsWCTQ1gUzcktr7G17aIgNP13qg37STMnYufNr4KnflrT5D6ZjqWVwxl4Ki8KQZHbG1dypkzlGo3ZCgtg==",
      "hasInstallScript": true,
      "license": "Apache-2.0",
      "dependencies": {
        "b4a": "^1.5.0",
        "bare-events": "^2.2.0",
        "napi-macros": "^2.0.0",
        "node-gyp-build": "^4.4.0",
        "streamx": "^2.14.0"
      }
    },
    "node_modules/undici-types": {
      "version": "6.19.8",
      "resolved": "https://registry.npmjs.org/undici-types/-/undici-types-6.19.8.tgz",
      "integrity": "sha512-ve2KP6f/JnbPBFyobGHuerC9g1FYGn/F8n1LWTwNxCEzd6IfqTwUQcNXgEtmmQ6DlRrC1hrSrBnCZPokRrDHjw==",
      "license": "MIT"
    },
    "node_modules/unordered-set": {
      "version": "2.0.1",
      "resolved": "https://registry.npmjs.org/unordered-set/-/unordered-set-2.0.1.tgz",
      "integrity": "sha512-eUmNTPzdx+q/WvOHW0bgGYLWvWHNT3PTKEQLg0MAQhc0AHASHVHoP/9YytYd4RBVariqno/mEUhVZN98CmD7bg==",
      "license": "MIT"
    },
    "node_modules/unslab": {
      "version": "1.3.0",
      "resolved": "https://registry.npmjs.org/unslab/-/unslab-1.3.0.tgz",
      "integrity": "sha512-YATkfKAFj47kTzmiQrWXMyRvaVrHsW6MEALa4bm+FhiA2YG4oira+Z3DXN6LrYOYn2Y8eO94Lwl9DOHjs1FpoQ==",
      "license": "Apache-2.0",
      "dependencies": {
        "b4a": "^1.6.6"
      }
    },
    "node_modules/v8-compile-cache-lib": {
      "version": "3.0.1",
      "resolved": "https://registry.npmjs.org/v8-compile-cache-lib/-/v8-compile-cache-lib-3.0.1.tgz",
      "integrity": "sha512-wa7YjyUGfNZngI/vtK0UHAN+lgDCxBPCylVXGp0zu59Fz5aiGtNXaq3DhIov063MorB+VfufLh3JlF2KdTK3xg=="
    },
    "node_modules/ws": {
      "version": "8.18.0",
      "resolved": "https://registry.npmjs.org/ws/-/ws-8.18.0.tgz",
      "integrity": "sha512-8VbfWfHLbbwu3+N6OKsOMpBdT4kXPDDB9cJk2bJ6mh9ucxdlnNvH1e+roYkKmN9Nxw2yjz7VzeO9oOz2zJ04Pw==",
      "license": "MIT",
      "engines": {
        "node": ">=10.0.0"
      },
      "peerDependencies": {
        "bufferutil": "^4.0.1",
        "utf-8-validate": ">=5.0.2"
      },
      "peerDependenciesMeta": {
        "bufferutil": {
          "optional": true
        },
        "utf-8-validate": {
          "optional": true
        }
      }
    },
    "node_modules/xache": {
      "version": "1.2.1",
      "resolved": "https://registry.npmjs.org/xache/-/xache-1.2.1.tgz",
      "integrity": "sha512-igRS6jPreJ54ABdzhh4mCDXcz+XMaWO2q1ABRV2yWYuk29jlp8VT7UBdCqNkX7rpYBbXsebVVKkwIuYZjyZNqA==",
      "license": "MIT"
    },
    "node_modules/yn": {
      "version": "3.1.1",
      "resolved": "https://registry.npmjs.org/yn/-/yn-3.1.1.tgz",
      "integrity": "sha512-Ux4ygGWsu2c7isFWe8Yu1YluJmqVhxqK2cLXNQA5AcC3QfbGNpM7fu0Y8b/z16pXLnFxZYvWhd3fhBY9DLmC6Q==",
      "engines": {
        "node": ">=6"
      }
    },
    "node_modules/z32": {
      "version": "1.1.0",
      "resolved": "https://registry.npmjs.org/z32/-/z32-1.1.0.tgz",
      "integrity": "sha512-1WUHy+VS6d0HPNspDxvLssBbeQjXMjSnpv0vH82vRAUfg847NmX3OXozp/hRP5jPhxBbrVzrgvAt+UsGNzRFQQ==",
      "license": "MIT",
      "dependencies": {
        "b4a": "^1.5.3"
      }
    }
  }
}
